PODS:
  - APAddressBook (0.3.2):
    - APAddressBook/Core (= 0.3.2)
  - APAddressBook/Core (0.3.2)
  - GGLInstanceID (1.2.1)
  - Google/CloudMessaging (2.0.4):
    - GGLInstanceID (~> 1.0)
    - Google/Core
    - GoogleCloudMessaging (~> 1.0)
  - Google/Core (2.0.4):
    - GoogleInterchangeUtilities (~> 1.0)
    - GoogleNetworkingUtilities (~> 1.0)
    - GoogleSymbolUtilities (~> 1.0)
    - GoogleUtilities (~> 1.1)
  - GoogleCloudMessaging (1.2.0):
    - GoogleInterchangeUtilities (~> 1.0)
    - GoogleIPhoneUtilities (~> 1.0)
    - GoogleSymbolUtilities (~> 1.0)
  - GoogleInterchangeUtilities (1.2.2):
    - GoogleSymbolUtilities (~> 1.1)
  - GoogleIPhoneUtilities (1.2.1):
    - GoogleSymbolUtilities (~> 1.0)
    - GoogleUtilities (~> 1.0)
  - GoogleNetworkingUtilities (1.2.2):
    - GoogleSymbolUtilities (~> 1.1)
  - GoogleSymbolUtilities (1.1.2)
  - GoogleUtilities (1.3.2):
    - GoogleSymbolUtilities (~> 1.1)
  - GSKStretchyHeaderView (1.0.3)
  - MXParallaxHeader (0.6.1)
  - SendBirdSDK (3.0.77)
  - SSZipArchive (2.1.1)
  - TTTAttributedLabel (2.0.0)
  - youtube-ios-player-helper (0.1.6)

DEPENDENCIES:
  - APAddressBook
  - Google/CloudMessaging
  - GSKStretchyHeaderView
  - MXParallaxHeader
  - SendBirdSDK (~> 3.0)
  - SSZipArchive
  - TTTAttributedLabel
  - youtube-ios-player-helper (~> 0.1.1)

SPEC CHECKSUMS:
  APAddressBook: e68ecaf95f2c323b625ae585a0d25fe505291286
  GGLInstanceID: 4a317044f744281b82cd03015f379899f277cad3
  Google: d536877ec602555b755cc28ce6fed104825c693c
  GoogleCloudMessaging: f37ea14dd0f41d4d889c10b5559dd35bbfd9ac26
  GoogleInterchangeUtilities: d5bc4d88d5b661ab72f9d70c58d02ca8c27ad1f7
  GoogleIPhoneUtilities: 63f25e93a3ddcb66884d182aab3a660d98f1479b
  GoogleNetworkingUtilities: 3edd3a8161347494f2da60ea0deddc8a472d94cb
  GoogleSymbolUtilities: 631ee17048aa5e9ab133470d768ea997a5ef9b96
  GoogleUtilities: 8bbc733218aad26306f9d4a253823986110e3358
  GSKStretchyHeaderView: 05afeffceced344c52334626a3b861e58dd82857
  MXParallaxHeader: 858c403532ed933b381556a81ce333d7065ad182
  SendBirdSDK: be272e9e5941a2d1197f85517193a7ffd9c6e7ba
  SSZipArchive: 14401ade5f8e82aba1ff03e9f88e9de60937ae60
  TTTAttributedLabel: 8cffe8e127e4e82ff3af1e5386d4cd0ad000b656
  youtube-ios-player-helper: 21ab92db027c7ff86cb17a3843a3f6eafc8158d2

PODFILE CHECKSUM: 6c09186bcdaa0978537378afe5fe79f50fd7f3c2

COCOAPODS: 1.3.1
